
Microsoft Visual Studio Solution File, Format Version 12.00
# Visual Studio Version 16
VisualStudioVersion = 16.0.33214.272
MinimumVisualStudioVersion = 10.0.40219.1
Project("{9A19103F-16F7-4668-BE54-9A1E7A4F7556}") = "Phonebook", "Phonebook\Phonebook.csproj", "{6270D32A-14BE-4881-933D-810317E4C646}"
EndProject
Project("{9A19103F-16F7-4668-BE54-9A1E7A4F7556}") = "ContactsGenerateUtil", "ContactsGenerateUtil\ContactsGenerateUtil.csproj", "{5AED0BE2-3202-42DB-BF7F-9DF158D88165}"
EndProject
Project("{FAE04EC0-301F-11D3-BF4B-00C04F79EFBC}") = "Phonebook.Tests", "Phonebook.Tests\Phonebook.Tests.csproj", "{698E5DA4-B65C-4420-ABCF-569737780039}"
EndProject
Global
	GlobalSection(SolutionConfigurationPlatforms) = preSolution
		Debug|Any CPU = Debug|Any CPU
		Release|Any CPU = Release|Any CPU
	EndGlobalSection
	GlobalSection(ProjectConfigurationPlatforms) = postSolution
		{6270D32A-14BE-4881-933D-810317E4C646}.Debug|Any CPU.ActiveCfg = Debug|Any CPU
		{6270D32A-14BE-4881-933D-810317E4C646}.Debug|Any CPU.Build.0 = Debug|Any CPU
		{6270D32A-14BE-4881-933D-810317E4C646}.Release|Any CPU.ActiveCfg = Release|Any CPU
		{6270D32A-14BE-4881-933D-810317E4C646}.Release|Any CPU.Build.0 = Release|Any CPU
		{5AED0BE2-3202-42DB-BF7F-9DF158D88165}.Debug|Any CPU.ActiveCfg = Debug|Any CPU
		{5AED0BE2-3202-42DB-BF7F-9DF158D88165}.Debug|Any CPU.Build.0 = Debug|Any CPU
		{5AED0BE2-3202-42DB-BF7F-9DF158D88165}.Release|Any CPU.ActiveCfg = Release|Any CPU
		{5AED0BE2-3202-42DB-BF7F-9DF158D88165}.Release|Any CPU.Build.0 = Release|Any CPU
		{698E5DA4-B65C-4420-ABCF-569737780039}.Debug|Any CPU.ActiveCfg = Debug|Any CPU
		{698E5DA4-B65C-4420-ABCF-569737780039}.Debug|Any CPU.Build.0 = Debug|Any CPU
		{698E5DA4-B65C-4420-ABCF-569737780039}.Release|Any CPU.ActiveCfg = Release|Any CPU
		{698E5DA4-B65C-4420-ABCF-569737780039}.Release|Any CPU.Build.0 = Release|Any CPU
	EndGlobalSection
	GlobalSection(SolutionProperties) = preSolution
		HideSolutionNode = FALSE
	EndGlobalSection
	GlobalSection(ExtensibilityGlobals) = postSolution
		SolutionGuid = {7E5102E9-3290-4625-9679-CB15EDF8F7A5}
	EndGlobalSection
EndGlobal
